
Microsoft Visual Studio Solution File, Format Version 12.00
# Visual Studio 16
Project("{FAE04EC0-301F-11D3-BF4B-00C04F79EFBC}") = "Assembly-CSharp-firstpass", "Assembly-CSharp-firstpass.csproj", "{001E2C40-382E-AAFF-7622-CF93281071BA}"
EndProject
Project("{FAE04EC0-301F-11D3-BF4B-00C04F79EFBC}") = "Assembly-CSharp", "Assembly-CSharp.csproj", "{E6E6F76F-2975-79DB-72B4-A8712D275A55}"
EndProject
Project("{FAE04EC0-301F-11D3-BF4B-00C04F79EFBC}") = "Assembly-CSharp-Editor", "Assembly-CSharp-Editor.csproj", "{9E6F2EBA-36CA-E991-58ED-DB4A986E5A03}"
EndProject
Project("{FAE04EC0-301F-11D3-BF4B-00C04F79EFBC}") = "Assembly-CSharp-Editor-firstpass", "Assembly-CSharp-Editor-firstpass.csproj", "{6A0E07E0-6D5C-2242-7AF9-348FBAF466D2}"
EndProject
Global
	GlobalSection(SolutionConfigurationPlatforms) = preSolution
		Debug|Any CPU = Debug|Any CPU
		Release|Any CPU = Release|Any CPU
	EndGlobalSection
	GlobalSection(ProjectConfigurationPlatforms) = postSolution
		{001E2C40-382E-AAFF-7622-CF93281071BA}.Debug|Any CPU.ActiveCfg = Debug|Any CPU
		{001E2C40-382E-AAFF-7622-CF93281071BA}.Debug|Any CPU.Build.0 = Debug|Any CPU
		{001E2C40-382E-AAFF-7622-CF93281071BA}.Release|Any CPU.ActiveCfg = Release|Any CPU
		{001E2C40-382E-AAFF-7622-CF93281071BA}.Release|Any CPU.Build.0 = Release|Any CPU
		{E6E6F76F-2975-79DB-72B4-A8712D275A55}.Debug|Any CPU.ActiveCfg = Debug|Any CPU
		{E6E6F76F-2975-79DB-72B4-A8712D275A55}.Debug|Any CPU.Build.0 = Debug|Any CPU
		{E6E6F76F-2975-79DB-72B4-A8712D275A55}.Release|Any CPU.ActiveCfg = Release|Any CPU
		{E6E6F76F-2975-79DB-72B4-A8712D275A55}.Release|Any CPU.Build.0 = Release|Any CPU
		{9E6F2EBA-36CA-E991-58ED-DB4A986E5A03}.Debug|Any CPU.ActiveCfg = Debug|Any CPU
		{9E6F2EBA-36CA-E991-58ED-DB4A986E5A03}.Debug|Any CPU.Build.0 = Debug|Any CPU
		{9E6F2EBA-36CA-E991-58ED-DB4A986E5A03}.Release|Any CPU.ActiveCfg = Release|Any CPU
		{9E6F2EBA-36CA-E991-58ED-DB4A986E5A03}.Release|Any CPU.Build.0 = Release|Any CPU
		{6A0E07E0-6D5C-2242-7AF9-348FBAF466D2}.Debug|Any CPU.ActiveCfg = Debug|Any CPU
		{6A0E07E0-6D5C-2242-7AF9-348FBAF466D2}.Debug|Any CPU.Build.0 = Debug|Any CPU
		{6A0E07E0-6D5C-2242-7AF9-348FBAF466D2}.Release|Any CPU.ActiveCfg = Release|Any CPU
		{6A0E07E0-6D5C-2242-7AF9-348FBAF466D2}.Release|Any CPU.Build.0 = Release|Any CPU
	EndGlobalSection
	GlobalSection(SolutionProperties) = preSolution
		HideSolutionNode = FALSE
	EndGlobalSection
EndGlobal
